
Microsoft Visual Studio Solution File, Format Version 12.00
# Visual Studio Version 17
VisualStudioVersion = 17.1.32210.238
MinimumVisualStudioVersion = 10.0.40219.1
Project("{FAE04EC0-301F-11D3-BF4B-00C04F79EFBC}") = "Ejercicio3_ErickaAmador", "Ejercicio3_ErickaAmador\Ejercicio3_ErickaAmador.csproj", "{4D067973-F426-41A0-93C0-431B71D9DA1B}"
EndProject
Project("{FAE04EC0-301F-11D3-BF4B-00C04F79EFBC}") = "Datos", "Datos\Datos.csproj", "{016BD272-7FF8-4631-B097-1615CFA7FA0C}"
EndProject
Global
	GlobalSection(SolutionConfigurationPlatforms) = preSolution
		Debug|Any CPU = Debug|Any CPU
		Release|Any CPU = Release|Any CPU
	EndGlobalSection
	GlobalSection(ProjectConfigurationPlatforms) = postSolution
		{4D067973-F426-41A0-93C0-431B71D9DA1B}.Debug|Any CPU.ActiveCfg = Debug|Any CPU
		{4D067973-F426-41A0-93C0-431B71D9DA1B}.Debug|Any CPU.Build.0 = Debug|Any CPU
		{4D067973-F426-41A0-93C0-431B71D9DA1B}.Release|Any CPU.ActiveCfg = Release|Any CPU
		{4D067973-F426-41A0-93C0-431B71D9DA1B}.Release|Any CPU.Build.0 = Release|Any CPU
		{016BD272-7FF8-4631-B097-1615CFA7FA0C}.Debug|Any CPU.ActiveCfg = Debug|Any CPU
		{016BD272-7FF8-4631-B097-1615CFA7FA0C}.Debug|Any CPU.Build.0 = Debug|Any CPU
		{016BD272-7FF8-4631-B097-1615CFA7FA0C}.Release|Any CPU.ActiveCfg = Release|Any CPU
		{016BD272-7FF8-4631-B097-1615CFA7FA0C}.Release|Any CPU.Build.0 = Release|Any CPU
	EndGlobalSection
	GlobalSection(SolutionProperties) = preSolution
		HideSolutionNode = FALSE
	EndGlobalSection
	GlobalSection(ExtensibilityGlobals) = postSolution
		SolutionGuid = {A2B22641-9C34-4401-AF30-D6C7D1D59227}
	EndGlobalSection
EndGlobal
